
Microsoft Visual Studio Solution File, Format Version 12.00
# Visual Studio Version 17
VisualStudioVersion = 17.11.35312.102
MinimumVisualStudioVersion = 10.0.40219.1
Project("{FAE04EC0-301F-11D3-BF4B-00C04F79EFBC}") = "RealisationOfGraphAndOperations", "RealisationOfGraphAndOperations.csproj", "{E27FBBE2-3DF6-40ED-823A-A432542C843A}"
EndProject
Global
	GlobalSection(SolutionConfigurationPlatforms) = preSolution
		Debug|Any CPU = Debug|Any CPU
		Release|Any CPU = Release|Any CPU
	EndGlobalSection
	GlobalSection(ProjectConfigurationPlatforms) = postSolution
		{E27FBBE2-3DF6-40ED-823A-A432542C843A}.Debug|Any CPU.ActiveCfg = Debug|Any CPU
		{E27FBBE2-3DF6-40ED-823A-A432542C843A}.Debug|Any CPU.Build.0 = Debug|Any CPU
		{E27FBBE2-3DF6-40ED-823A-A432542C843A}.Release|Any CPU.ActiveCfg = Release|Any CPU
		{E27FBBE2-3DF6-40ED-823A-A432542C843A}.Release|Any CPU.Build.0 = Release|Any CPU
	EndGlobalSection
	GlobalSection(SolutionProperties) = preSolution
		HideSolutionNode = FALSE
	EndGlobalSection
	GlobalSection(ExtensibilityGlobals) = postSolution
		SolutionGuid = {3468B339-2534-4C4E-995F-C2FB7F27A38A}
	EndGlobalSection
EndGlobal
