
Microsoft Visual Studio Solution File, Format Version 12.00
# Visual Studio Version 17
VisualStudioVersion = 17.9.34728.123
MinimumVisualStudioVersion = 10.0.40219.1
Project("{FAE04EC0-301F-11D3-BF4B-00C04F79EFBC}") = "regularState", "regularState.csproj", "{6ECE2197-1640-4967-A1BA-54671489D120}"
EndProject
Global
	GlobalSection(SolutionConfigurationPlatforms) = preSolution
		Debug|Any CPU = Debug|Any CPU
		Release|Any CPU = Release|Any CPU
	EndGlobalSection
	GlobalSection(ProjectConfigurationPlatforms) = postSolution
		{6ECE2197-1640-4967-A1BA-54671489D120}.Debug|Any CPU.ActiveCfg = Debug|Any CPU
		{6ECE2197-1640-4967-A1BA-54671489D120}.Debug|Any CPU.Build.0 = Debug|Any CPU
		{6ECE2197-1640-4967-A1BA-54671489D120}.Release|Any CPU.ActiveCfg = Release|Any CPU
		{6ECE2197-1640-4967-A1BA-54671489D120}.Release|Any CPU.Build.0 = Release|Any CPU
	EndGlobalSection
	GlobalSection(SolutionProperties) = preSolution
		HideSolutionNode = FALSE
	EndGlobalSection
	GlobalSection(ExtensibilityGlobals) = postSolution
		SolutionGuid = {4947A31E-7FEC-4BEF-84B8-20AFD159D44B}
	EndGlobalSection
EndGlobal
