
Microsoft Visual Studio Solution File, Format Version 12.00
# Visual Studio Version 17
VisualStudioVersion = 17.9.34728.123
MinimumVisualStudioVersion = 10.0.40219.1
Project("{FAE04EC0-301F-11D3-BF4B-00C04F79EFBC}") = "ConsoleGame", "ConsoleGame.csproj", "{A1076580-10B6-4DDB-9807-EE389B2248DA}"
EndProject
Global
	GlobalSection(SolutionConfigurationPlatforms) = preSolution
		Debug|Any CPU = Debug|Any CPU
		Release|Any CPU = Release|Any CPU
	EndGlobalSection
	GlobalSection(ProjectConfigurationPlatforms) = postSolution
		{A1076580-10B6-4DDB-9807-EE389B2248DA}.Debug|Any CPU.ActiveCfg = Debug|Any CPU
		{A1076580-10B6-4DDB-9807-EE389B2248DA}.Debug|Any CPU.Build.0 = Debug|Any CPU
		{A1076580-10B6-4DDB-9807-EE389B2248DA}.Release|Any CPU.ActiveCfg = Release|Any CPU
		{A1076580-10B6-4DDB-9807-EE389B2248DA}.Release|Any CPU.Build.0 = Release|Any CPU
	EndGlobalSection
	GlobalSection(SolutionProperties) = preSolution
		HideSolutionNode = FALSE
	EndGlobalSection
	GlobalSection(ExtensibilityGlobals) = postSolution
		SolutionGuid = {CD68B87C-10CD-4706-8756-3FD042E544F7}
	EndGlobalSection
EndGlobal
